
Microsoft Visual Studio Solution File, Format Version 12.00
# Visual Studio Version 17
VisualStudioVersion = 17.14.36414.22 d17.14
MinimumVisualStudioVersion = 10.0.40219.1
Project("{FAE04EC0-301F-11D3-BF4B-00C04F79EFBC}") = "HolidayImagesAPI", "HolidayImagesAPI\HolidayImagesAPI.csproj", "{485A149B-842C-4353-8799-A310C0589947}"
EndProject
Global
	GlobalSection(SolutionConfigurationPlatforms) = preSolution
		Debug|Any CPU = Debug|Any CPU
		Release|Any CPU = Release|Any CPU
	EndGlobalSection
	GlobalSection(ProjectConfigurationPlatforms) = postSolution
		{485A149B-842C-4353-8799-A310C0589947}.Debug|Any CPU.ActiveCfg = Debug|Any CPU
		{485A149B-842C-4353-8799-A310C0589947}.Debug|Any CPU.Build.0 = Debug|Any CPU
		{485A149B-842C-4353-8799-A310C0589947}.Release|Any CPU.ActiveCfg = Release|Any CPU
		{485A149B-842C-4353-8799-A310C0589947}.Release|Any CPU.Build.0 = Release|Any CPU
	EndGlobalSection
	GlobalSection(SolutionProperties) = preSolution
		HideSolutionNode = FALSE
	EndGlobalSection
	GlobalSection(ExtensibilityGlobals) = postSolution
		SolutionGuid = {19E850FD-0118-4C34-80FA-81DB6DE82552}
	EndGlobalSection
EndGlobal
